
Microsoft Visual Studio Solution File, Format Version 12.00
# Visual Studio Version 16
VisualStudioVersion = 25.0.1704.2
MinimumVisualStudioVersion = 10.0.40219.1
Project("{FAE04EC0-301F-11D3-BF4B-00C04F79EFBC}") = "HcGraph", "HcGraph\HcGraph.csproj", "{78BB7D20-22F3-454A-84D5-4939A5B226AF}"
EndProject
Global
	GlobalSection(SolutionConfigurationPlatforms) = preSolution
		Debug|Any CPU = Debug|Any CPU
		Release|Any CPU = Release|Any CPU
	EndGlobalSection
	GlobalSection(ProjectConfigurationPlatforms) = postSolution
		{78BB7D20-22F3-454A-84D5-4939A5B226AF}.Debug|Any CPU.ActiveCfg = Debug|Any CPU
		{78BB7D20-22F3-454A-84D5-4939A5B226AF}.Debug|Any CPU.Build.0 = Debug|Any CPU
		{78BB7D20-22F3-454A-84D5-4939A5B226AF}.Release|Any CPU.ActiveCfg = Release|Any CPU
		{78BB7D20-22F3-454A-84D5-4939A5B226AF}.Release|Any CPU.Build.0 = Release|Any CPU
	EndGlobalSection
	GlobalSection(SolutionProperties) = preSolution
		HideSolutionNode = FALSE
	EndGlobalSection
	GlobalSection(ExtensibilityGlobals) = postSolution
		SolutionGuid = {BC7E6F91-CAD7-4FEF-9562-36DB3587B61B}
	EndGlobalSection
EndGlobal
